
Microsoft Visual Studio Solution File, Format Version 12.00
# Visual Studio Version 16
VisualStudioVersion = 16.0.31205.134
MinimumVisualStudioVersion = 10.0.40219.1
Project("{9A19103F-16F7-4668-BE54-9A1E7A4F7556}") = "WaitableProgress", "WaitableProgress\WaitableProgress.csproj", "{86E73813-DC63-4D45-BB89-B036476D86E3}"
EndProject
Project("{2150E333-8FDC-42A3-9474-1A3956D46DE8}") = "Solution Items", "Solution Items", "{BA801FCB-8C09-48A2-A6D4-E327C9D2C0E8}"
	ProjectSection(SolutionItems) = preProject
		.editorconfig = .editorconfig
		README.md = README.md
	EndProjectSection
EndProject
Project("{2150E333-8FDC-42A3-9474-1A3956D46DE8}") = ".github", ".github", "{5BBDE157-2666-47B2-982F-B7BBC7599908}"
EndProject
Project("{2150E333-8FDC-42A3-9474-1A3956D46DE8}") = "workflows", "workflows", "{818C637A-2208-4178-82F1-B59A6D6C1BD7}"
	ProjectSection(SolutionItems) = preProject
		.github\workflows\release.yml = .github\workflows\release.yml
	EndProjectSection
EndProject
Project("{FAE04EC0-301F-11D3-BF4B-00C04F79EFBC}") = "DemoApp", "DemoApp\DemoApp.csproj", "{2E78B735-B3B9-4366-8406-3354488ABF5D}"
EndProject
Global
	GlobalSection(SolutionConfigurationPlatforms) = preSolution
		Debug|Any CPU = Debug|Any CPU
		Release|Any CPU = Release|Any CPU
	EndGlobalSection
	GlobalSection(ProjectConfigurationPlatforms) = postSolution
		{86E73813-DC63-4D45-BB89-B036476D86E3}.Debug|Any CPU.ActiveCfg = Debug|Any CPU
		{86E73813-DC63-4D45-BB89-B036476D86E3}.Debug|Any CPU.Build.0 = Debug|Any CPU
		{86E73813-DC63-4D45-BB89-B036476D86E3}.Release|Any CPU.ActiveCfg = Release|Any CPU
		{86E73813-DC63-4D45-BB89-B036476D86E3}.Release|Any CPU.Build.0 = Release|Any CPU
		{2E78B735-B3B9-4366-8406-3354488ABF5D}.Debug|Any CPU.ActiveCfg = Debug|Any CPU
		{2E78B735-B3B9-4366-8406-3354488ABF5D}.Debug|Any CPU.Build.0 = Debug|Any CPU
		{2E78B735-B3B9-4366-8406-3354488ABF5D}.Release|Any CPU.ActiveCfg = Release|Any CPU
		{2E78B735-B3B9-4366-8406-3354488ABF5D}.Release|Any CPU.Build.0 = Release|Any CPU
	EndGlobalSection
	GlobalSection(SolutionProperties) = preSolution
		HideSolutionNode = FALSE
	EndGlobalSection
	GlobalSection(NestedProjects) = preSolution
		{5BBDE157-2666-47B2-982F-B7BBC7599908} = {BA801FCB-8C09-48A2-A6D4-E327C9D2C0E8}
		{818C637A-2208-4178-82F1-B59A6D6C1BD7} = {5BBDE157-2666-47B2-982F-B7BBC7599908}
	EndGlobalSection
	GlobalSection(ExtensibilityGlobals) = postSolution
		SolutionGuid = {A4F48B9D-9730-4314-8557-28FA250A5ACA}
	EndGlobalSection
EndGlobal
